
Microsoft Visual Studio Solution File, Format Version 12.00
# Visual Studio Version 16
VisualStudioVersion = 16.0.31424.327
MinimumVisualStudioVersion = 10.0.40219.1
Project("{FAE04EC0-301F-11D3-BF4B-00C04F79EFBC}") = "Demo", "Demo\Demo.csproj", "{B30B4C92-2B09-4E3C-9CD7-BD3752043E7F}"
EndProject
Global
	GlobalSection(SolutionConfigurationPlatforms) = preSolution
		Debug|Any CPU = Debug|Any CPU
		Release|Any CPU = Release|Any CPU
	EndGlobalSection
	GlobalSection(ProjectConfigurationPlatforms) = postSolution
		{B30B4C92-2B09-4E3C-9CD7-BD3752043E7F}.Debug|Any CPU.ActiveCfg = Debug|Any CPU
		{B30B4C92-2B09-4E3C-9CD7-BD3752043E7F}.Debug|Any CPU.Build.0 = Debug|Any CPU
		{B30B4C92-2B09-4E3C-9CD7-BD3752043E7F}.Release|Any CPU.ActiveCfg = Release|Any CPU
		{B30B4C92-2B09-4E3C-9CD7-BD3752043E7F}.Release|Any CPU.Build.0 = Release|Any CPU
	EndGlobalSection
	GlobalSection(SolutionProperties) = preSolution
		HideSolutionNode = FALSE
	EndGlobalSection
	GlobalSection(ExtensibilityGlobals) = postSolution
		SolutionGuid = {E7AD0C70-50CF-480D-920A-52261D4EE1A8}
	EndGlobalSection
EndGlobal
